
Microsoft Visual Studio Solution File, Format Version 12.00
# Visual Studio Version 16
VisualStudioVersion = 16.0.29519.87
MinimumVisualStudioVersion = 10.0.40219.1
Project("{9A19103F-16F7-4668-BE54-9A1E7A4F7556}") = "AOC2019.Modules.Fuel", "Modules\AOC2019.Modules.Fuel\AOC2019.Modules.Fuel.csproj", "{C932064A-19FA-46FB-8851-2E0381A12EE3}"
EndProject
Project("{2150E333-8FDC-42A3-9474-1A3956D46DE8}") = "Modules", "Modules", "{3826EC90-CB14-4550-9C88-326671883100}"
EndProject
Project("{9A19103F-16F7-4668-BE54-9A1E7A4F7556}") = "AOC2019.Modules.Fuel.Tests", "Modules\AOC2019.Modules.Fuel.Tests\AOC2019.Modules.Fuel.Tests.csproj", "{66A7AC10-3F40-440F-BCE3-EE28FB2EF3F3}"
EndProject
Project("{2150E333-8FDC-42A3-9474-1A3956D46DE8}") = "Days", "Days", "{691A7322-57C9-4B97-8AD2-70228BF5BDD6}"
EndProject
Project("{9A19103F-16F7-4668-BE54-9A1E7A4F7556}") = "AOC2019.Days.1", "Days\AOC2019.Days.1\AOC2019.Days.1.csproj", "{8EBE05E1-1845-422B-955B-B1CE9E4CD6FA}"
EndProject
Project("{9A19103F-16F7-4668-BE54-9A1E7A4F7556}") = "AOC2019.Modules.Utilities", "Modules\AOC2019.Modules.Utilities\AOC2019.Modules.Utilities.csproj", "{717B7C6B-D4BC-4EFA-A494-96C4F5EAC1D6}"
EndProject
Project("{9A19103F-16F7-4668-BE54-9A1E7A4F7556}") = "AOC2019.Modules.Intcode", "Modules\AOC2019.Modules.Intcode\AOC2019.Modules.Intcode.csproj", "{B0652EA8-D549-45B7-8C3A-58475F8E72E9}"
EndProject
Project("{9A19103F-16F7-4668-BE54-9A1E7A4F7556}") = "AOC2019.Modules.Intcode.Tests", "Modules\AOC2019.Modules.Intcode.Tests\AOC2019.Modules.Intcode.Tests.csproj", "{7C451DCE-06CC-44EA-85EB-F2448B1DC6B1}"
EndProject
Project("{9A19103F-16F7-4668-BE54-9A1E7A4F7556}") = "AOC2019.Days.2", "Days\AOC2019.Days.2\AOC2019.Days.2.csproj", "{10DAA2BA-2A7C-4244-BC0A-FECAC617586B}"
EndProject
Project("{9A19103F-16F7-4668-BE54-9A1E7A4F7556}") = "AOC2019.Days.3", "Days\AOC2019.Days.3\AOC2019.Days.3.csproj", "{6BF1A83B-DC36-4879-A806-22B269BA8AA9}"
EndProject
Project("{9A19103F-16F7-4668-BE54-9A1E7A4F7556}") = "AOC2019.Modules.Security", "Modules\AOC2019.Modules.Security\AOC2019.Modules.Security.csproj", "{5D2B08B5-F6B7-4956-9C80-8C2ABD3E8414}"
EndProject
Project("{2150E333-8FDC-42A3-9474-1A3956D46DE8}") = "Tests", "Tests", "{60EDC093-C568-456A-9D1F-5CBCDF006313}"
EndProject
Project("{9A19103F-16F7-4668-BE54-9A1E7A4F7556}") = "AOC2019.Modules.Security.Tests", "Modules\AOC2019.Modules.Security.Tests\AOC2019.Modules.Security.Tests.csproj", "{F4E2BA69-D5D0-429F-A994-D5388247C6CF}"
EndProject
Project("{9A19103F-16F7-4668-BE54-9A1E7A4F7556}") = "AOC2019.Days.4", "Modules\AOC2019.Days.4\AOC2019.Days.4.csproj", "{78D3E68C-FC7C-41CD-8D43-EC047B0F9AAC}"
EndProject
Project("{9A19103F-16F7-4668-BE54-9A1E7A4F7556}") = "AOC2019.Modules.SpaceImageFormat", "Modules\AOC2019.Modules.SpaceImageFormat\AOC2019.Modules.SpaceImageFormat.csproj", "{CE506B02-8D3A-412E-A678-7B3E14E6AED9}"
EndProject
Project("{9A19103F-16F7-4668-BE54-9A1E7A4F7556}") = "AOC2019.Modules.SpaceImageFormat.Tests", "Modules\AOC2019.Modules.SpaceImageFormat.Tests\AOC2019.Modules.SpaceImageFormat.Tests.csproj", "{682E7B32-11F8-47B6-A480-12CA5D3A44FA}"
EndProject
Project("{9A19103F-16F7-4668-BE54-9A1E7A4F7556}") = "AOC2019.Days.8", "Days\AOC2019.Days.8\AOC2019.Days.8.csproj", "{FF6867F3-B7BF-4381-B20D-534EA1A05803}"
EndProject
Project("{9A19103F-16F7-4668-BE54-9A1E7A4F7556}") = "AOC2019.Modules.OrbitalMap", "Modules\AOC2019.Modules.OrbitalMap\AOC2019.Modules.OrbitalMap.csproj", "{FDBDD4A1-5133-4B1C-A59C-0BE72E0CA817}"
EndProject
Project("{9A19103F-16F7-4668-BE54-9A1E7A4F7556}") = "AOC2019.Modules.OrbitalMap.Tests", "Modules\AOC2019.Modules.OrbitalMap.Tests\AOC2019.Modules.OrbitalMap.Tests.csproj", "{7D7895A6-70AB-412A-B863-7C5F31795487}"
EndProject
Project("{9A19103F-16F7-4668-BE54-9A1E7A4F7556}") = "AOC2019.Days.6", "Days\AOC2019.Days.6\AOC2019.Days.6.csproj", "{65300BBC-8AFA-4163-B943-958E962AAFC0}"
EndProject
Project("{FAE04EC0-301F-11D3-BF4B-00C04F79EFBC}") = "AOC2019.Days.5", "Days\AOC2019.Days.5\AOC2019.Days.5.csproj", "{E39EC690-58D3-41D1-87E1-DEDFA31CFFD2}"
EndProject
Project("{FAE04EC0-301F-11D3-BF4B-00C04F79EFBC}") = "AOC2019.Days.7", "Days\AOC2019.Days.7\AOC2019.Days.7.csproj", "{40EC7168-68C3-4859-90F4-B56E02379254}"
EndProject
Project("{FAE04EC0-301F-11D3-BF4B-00C04F79EFBC}") = "AOC2019.Modules.Amplification", "Modules\AOC2019.Modules.Amplification\AOC2019.Modules.Amplification.csproj", "{2F4126E0-FF77-4982-8F19-7E343A54B612}"
EndProject
Project("{FAE04EC0-301F-11D3-BF4B-00C04F79EFBC}") = "AOC2019.Modules.Amplification.Tests", "Modules\AOC2019.Modules.Amplification.Tests\AOC2019.Modules.Amplification.Tests.csproj", "{E14EDC25-90C0-4455-974D-5AB63B592CD7}"
EndProject
Global
	GlobalSection(SolutionConfigurationPlatforms) = preSolution
		Debug|Any CPU = Debug|Any CPU
		Release|Any CPU = Release|Any CPU
	EndGlobalSection
	GlobalSection(ProjectConfigurationPlatforms) = postSolution
		{C932064A-19FA-46FB-8851-2E0381A12EE3}.Debug|Any CPU.ActiveCfg = Debug|Any CPU
		{C932064A-19FA-46FB-8851-2E0381A12EE3}.Debug|Any CPU.Build.0 = Debug|Any CPU
		{C932064A-19FA-46FB-8851-2E0381A12EE3}.Release|Any CPU.ActiveCfg = Release|Any CPU
		{C932064A-19FA-46FB-8851-2E0381A12EE3}.Release|Any CPU.Build.0 = Release|Any CPU
		{66A7AC10-3F40-440F-BCE3-EE28FB2EF3F3}.Debug|Any CPU.ActiveCfg = Debug|Any CPU
		{66A7AC10-3F40-440F-BCE3-EE28FB2EF3F3}.Debug|Any CPU.Build.0 = Debug|Any CPU
		{66A7AC10-3F40-440F-BCE3-EE28FB2EF3F3}.Release|Any CPU.ActiveCfg = Release|Any CPU
		{66A7AC10-3F40-440F-BCE3-EE28FB2EF3F3}.Release|Any CPU.Build.0 = Release|Any CPU
		{8EBE05E1-1845-422B-955B-B1CE9E4CD6FA}.Debug|Any CPU.ActiveCfg = Debug|Any CPU
		{8EBE05E1-1845-422B-955B-B1CE9E4CD6FA}.Debug|Any CPU.Build.0 = Debug|Any CPU
		{8EBE05E1-1845-422B-955B-B1CE9E4CD6FA}.Release|Any CPU.ActiveCfg = Release|Any CPU
		{8EBE05E1-1845-422B-955B-B1CE9E4CD6FA}.Release|Any CPU.Build.0 = Release|Any CPU
		{717B7C6B-D4BC-4EFA-A494-96C4F5EAC1D6}.Debug|Any CPU.ActiveCfg = Debug|Any CPU
		{717B7C6B-D4BC-4EFA-A494-96C4F5EAC1D6}.Debug|Any CPU.Build.0 = Debug|Any CPU
		{717B7C6B-D4BC-4EFA-A494-96C4F5EAC1D6}.Release|Any CPU.ActiveCfg = Release|Any CPU
		{717B7C6B-D4BC-4EFA-A494-96C4F5EAC1D6}.Release|Any CPU.Build.0 = Release|Any CPU
		{B0652EA8-D549-45B7-8C3A-58475F8E72E9}.Debug|Any CPU.ActiveCfg = Debug|Any CPU
		{B0652EA8-D549-45B7-8C3A-58475F8E72E9}.Debug|Any CPU.Build.0 = Debug|Any CPU
		{B0652EA8-D549-45B7-8C3A-58475F8E72E9}.Release|Any CPU.ActiveCfg = Release|Any CPU
		{B0652EA8-D549-45B7-8C3A-58475F8E72E9}.Release|Any CPU.Build.0 = Release|Any CPU
		{7C451DCE-06CC-44EA-85EB-F2448B1DC6B1}.Debug|Any CPU.ActiveCfg = Debug|Any CPU
		{7C451DCE-06CC-44EA-85EB-F2448B1DC6B1}.Debug|Any CPU.Build.0 = Debug|Any CPU
		{7C451DCE-06CC-44EA-85EB-F2448B1DC6B1}.Release|Any CPU.ActiveCfg = Release|Any CPU
		{7C451DCE-06CC-44EA-85EB-F2448B1DC6B1}.Release|Any CPU.Build.0 = Release|Any CPU
		{10DAA2BA-2A7C-4244-BC0A-FECAC617586B}.Debug|Any CPU.ActiveCfg = Debug|Any CPU
		{10DAA2BA-2A7C-4244-BC0A-FECAC617586B}.Debug|Any CPU.Build.0 = Debug|Any CPU
		{10DAA2BA-2A7C-4244-BC0A-FECAC617586B}.Release|Any CPU.ActiveCfg = Release|Any CPU
		{10DAA2BA-2A7C-4244-BC0A-FECAC617586B}.Release|Any CPU.Build.0 = Release|Any CPU
		{6BF1A83B-DC36-4879-A806-22B269BA8AA9}.Debug|Any CPU.ActiveCfg = Debug|Any CPU
		{6BF1A83B-DC36-4879-A806-22B269BA8AA9}.Debug|Any CPU.Build.0 = Debug|Any CPU
		{6BF1A83B-DC36-4879-A806-22B269BA8AA9}.Release|Any CPU.ActiveCfg = Release|Any CPU
		{6BF1A83B-DC36-4879-A806-22B269BA8AA9}.Release|Any CPU.Build.0 = Release|Any CPU
		{5D2B08B5-F6B7-4956-9C80-8C2ABD3E8414}.Debug|Any CPU.ActiveCfg = Debug|Any CPU
		{5D2B08B5-F6B7-4956-9C80-8C2ABD3E8414}.Debug|Any CPU.Build.0 = Debug|Any CPU
		{5D2B08B5-F6B7-4956-9C80-8C2ABD3E8414}.Release|Any CPU.ActiveCfg = Release|Any CPU
		{5D2B08B5-F6B7-4956-9C80-8C2ABD3E8414}.Release|Any CPU.Build.0 = Release|Any CPU
		{F4E2BA69-D5D0-429F-A994-D5388247C6CF}.Debug|Any CPU.ActiveCfg = Debug|Any CPU
		{F4E2BA69-D5D0-429F-A994-D5388247C6CF}.Debug|Any CPU.Build.0 = Debug|Any CPU
		{F4E2BA69-D5D0-429F-A994-D5388247C6CF}.Release|Any CPU.ActiveCfg = Release|Any CPU
		{F4E2BA69-D5D0-429F-A994-D5388247C6CF}.Release|Any CPU.Build.0 = Release|Any CPU
		{78D3E68C-FC7C-41CD-8D43-EC047B0F9AAC}.Debug|Any CPU.ActiveCfg = Debug|Any CPU
		{78D3E68C-FC7C-41CD-8D43-EC047B0F9AAC}.Debug|Any CPU.Build.0 = Debug|Any CPU
		{78D3E68C-FC7C-41CD-8D43-EC047B0F9AAC}.Release|Any CPU.ActiveCfg = Release|Any CPU
		{78D3E68C-FC7C-41CD-8D43-EC047B0F9AAC}.Release|Any CPU.Build.0 = Release|Any CPU
		{CE506B02-8D3A-412E-A678-7B3E14E6AED9}.Debug|Any CPU.ActiveCfg = Debug|Any CPU
		{CE506B02-8D3A-412E-A678-7B3E14E6AED9}.Debug|Any CPU.Build.0 = Debug|Any CPU
		{CE506B02-8D3A-412E-A678-7B3E14E6AED9}.Release|Any CPU.ActiveCfg = Release|Any CPU
		{CE506B02-8D3A-412E-A678-7B3E14E6AED9}.Release|Any CPU.Build.0 = Release|Any CPU
		{682E7B32-11F8-47B6-A480-12CA5D3A44FA}.Debug|Any CPU.ActiveCfg = Debug|Any CPU
		{682E7B32-11F8-47B6-A480-12CA5D3A44FA}.Debug|Any CPU.Build.0 = Debug|Any CPU
		{682E7B32-11F8-47B6-A480-12CA5D3A44FA}.Release|Any CPU.ActiveCfg = Release|Any CPU
		{682E7B32-11F8-47B6-A480-12CA5D3A44FA}.Release|Any CPU.Build.0 = Release|Any CPU
		{FF6867F3-B7BF-4381-B20D-534EA1A05803}.Debug|Any CPU.ActiveCfg = Debug|Any CPU
		{FF6867F3-B7BF-4381-B20D-534EA1A05803}.Debug|Any CPU.Build.0 = Debug|Any CPU
		{FF6867F3-B7BF-4381-B20D-534EA1A05803}.Release|Any CPU.ActiveCfg = Release|Any CPU
		{FF6867F3-B7BF-4381-B20D-534EA1A05803}.Release|Any CPU.Build.0 = Release|Any CPU
		{FDBDD4A1-5133-4B1C-A59C-0BE72E0CA817}.Debug|Any CPU.ActiveCfg = Debug|Any CPU
		{FDBDD4A1-5133-4B1C-A59C-0BE72E0CA817}.Debug|Any CPU.Build.0 = Debug|Any CPU
		{FDBDD4A1-5133-4B1C-A59C-0BE72E0CA817}.Release|Any CPU.ActiveCfg = Release|Any CPU
		{FDBDD4A1-5133-4B1C-A59C-0BE72E0CA817}.Release|Any CPU.Build.0 = Release|Any CPU
		{7D7895A6-70AB-412A-B863-7C5F31795487}.Debug|Any CPU.ActiveCfg = Debug|Any CPU
		{7D7895A6-70AB-412A-B863-7C5F31795487}.Debug|Any CPU.Build.0 = Debug|Any CPU
		{7D7895A6-70AB-412A-B863-7C5F31795487}.Release|Any CPU.ActiveCfg = Release|Any CPU
		{7D7895A6-70AB-412A-B863-7C5F31795487}.Release|Any CPU.Build.0 = Release|Any CPU
		{65300BBC-8AFA-4163-B943-958E962AAFC0}.Debug|Any CPU.ActiveCfg = Debug|Any CPU
		{65300BBC-8AFA-4163-B943-958E962AAFC0}.Debug|Any CPU.Build.0 = Debug|Any CPU
		{65300BBC-8AFA-4163-B943-958E962AAFC0}.Release|Any CPU.ActiveCfg = Release|Any CPU
		{65300BBC-8AFA-4163-B943-958E962AAFC0}.Release|Any CPU.Build.0 = Release|Any CPU
		{E39EC690-58D3-41D1-87E1-DEDFA31CFFD2}.Debug|Any CPU.ActiveCfg = Debug|Any CPU
		{E39EC690-58D3-41D1-87E1-DEDFA31CFFD2}.Debug|Any CPU.Build.0 = Debug|Any CPU
		{E39EC690-58D3-41D1-87E1-DEDFA31CFFD2}.Release|Any CPU.ActiveCfg = Release|Any CPU
		{E39EC690-58D3-41D1-87E1-DEDFA31CFFD2}.Release|Any CPU.Build.0 = Release|Any CPU
		{40EC7168-68C3-4859-90F4-B56E02379254}.Debug|Any CPU.ActiveCfg = Debug|Any CPU
		{40EC7168-68C3-4859-90F4-B56E02379254}.Debug|Any CPU.Build.0 = Debug|Any CPU
		{40EC7168-68C3-4859-90F4-B56E02379254}.Release|Any CPU.ActiveCfg = Release|Any CPU
		{40EC7168-68C3-4859-90F4-B56E02379254}.Release|Any CPU.Build.0 = Release|Any CPU
		{2F4126E0-FF77-4982-8F19-7E343A54B612}.Debug|Any CPU.ActiveCfg = Debug|Any CPU
		{2F4126E0-FF77-4982-8F19-7E343A54B612}.Debug|Any CPU.Build.0 = Debug|Any CPU
		{2F4126E0-FF77-4982-8F19-7E343A54B612}.Release|Any CPU.ActiveCfg = Release|Any CPU
		{2F4126E0-FF77-4982-8F19-7E343A54B612}.Release|Any CPU.Build.0 = Release|Any CPU
		{E14EDC25-90C0-4455-974D-5AB63B592CD7}.Debug|Any CPU.ActiveCfg = Debug|Any CPU
		{E14EDC25-90C0-4455-974D-5AB63B592CD7}.Debug|Any CPU.Build.0 = Debug|Any CPU
		{E14EDC25-90C0-4455-974D-5AB63B592CD7}.Release|Any CPU.ActiveCfg = Release|Any CPU
		{E14EDC25-90C0-4455-974D-5AB63B592CD7}.Release|Any CPU.Build.0 = Release|Any CPU
	EndGlobalSection
	GlobalSection(SolutionProperties) = preSolution
		HideSolutionNode = FALSE
	EndGlobalSection
	GlobalSection(NestedProjects) = preSolution
		{C932064A-19FA-46FB-8851-2E0381A12EE3} = {3826EC90-CB14-4550-9C88-326671883100}
		{66A7AC10-3F40-440F-BCE3-EE28FB2EF3F3} = {60EDC093-C568-456A-9D1F-5CBCDF006313}
		{8EBE05E1-1845-422B-955B-B1CE9E4CD6FA} = {691A7322-57C9-4B97-8AD2-70228BF5BDD6}
		{717B7C6B-D4BC-4EFA-A494-96C4F5EAC1D6} = {3826EC90-CB14-4550-9C88-326671883100}
		{B0652EA8-D549-45B7-8C3A-58475F8E72E9} = {3826EC90-CB14-4550-9C88-326671883100}
		{7C451DCE-06CC-44EA-85EB-F2448B1DC6B1} = {60EDC093-C568-456A-9D1F-5CBCDF006313}
		{10DAA2BA-2A7C-4244-BC0A-FECAC617586B} = {691A7322-57C9-4B97-8AD2-70228BF5BDD6}
		{6BF1A83B-DC36-4879-A806-22B269BA8AA9} = {691A7322-57C9-4B97-8AD2-70228BF5BDD6}
		{5D2B08B5-F6B7-4956-9C80-8C2ABD3E8414} = {3826EC90-CB14-4550-9C88-326671883100}
		{F4E2BA69-D5D0-429F-A994-D5388247C6CF} = {60EDC093-C568-456A-9D1F-5CBCDF006313}
		{78D3E68C-FC7C-41CD-8D43-EC047B0F9AAC} = {691A7322-57C9-4B97-8AD2-70228BF5BDD6}
		{CE506B02-8D3A-412E-A678-7B3E14E6AED9} = {3826EC90-CB14-4550-9C88-326671883100}
		{682E7B32-11F8-47B6-A480-12CA5D3A44FA} = {60EDC093-C568-456A-9D1F-5CBCDF006313}
		{FF6867F3-B7BF-4381-B20D-534EA1A05803} = {691A7322-57C9-4B97-8AD2-70228BF5BDD6}
		{FDBDD4A1-5133-4B1C-A59C-0BE72E0CA817} = {3826EC90-CB14-4550-9C88-326671883100}
		{7D7895A6-70AB-412A-B863-7C5F31795487} = {60EDC093-C568-456A-9D1F-5CBCDF006313}
		{65300BBC-8AFA-4163-B943-958E962AAFC0} = {691A7322-57C9-4B97-8AD2-70228BF5BDD6}
		{E39EC690-58D3-41D1-87E1-DEDFA31CFFD2} = {691A7322-57C9-4B97-8AD2-70228BF5BDD6}
		{40EC7168-68C3-4859-90F4-B56E02379254} = {691A7322-57C9-4B97-8AD2-70228BF5BDD6}
		{2F4126E0-FF77-4982-8F19-7E343A54B612} = {3826EC90-CB14-4550-9C88-326671883100}
		{E14EDC25-90C0-4455-974D-5AB63B592CD7} = {60EDC093-C568-456A-9D1F-5CBCDF006313}
	EndGlobalSection
	GlobalSection(ExtensibilityGlobals) = postSolution
		SolutionGuid = {397D8A6F-1B05-45DA-A3BA-B75555E0B918}
	EndGlobalSection
EndGlobal
